
Microsoft Visual Studio Solution File, Format Version 12.00
# Visual Studio Version 16
VisualStudioVersion = 16.0.31229.75
MinimumVisualStudioVersion = 10.0.40219.1
Project("{FAE04EC0-301F-11D3-BF4B-00C04F79EFBC}") = "Laba1", "Laba1\Laba1.csproj", "{301465EB-86FE-41BA-8326-421D26C9B009}"
EndProject
Global
	GlobalSection(SolutionConfigurationPlatforms) = preSolution
		Debug|Any CPU = Debug|Any CPU
		Release|Any CPU = Release|Any CPU
	EndGlobalSection
	GlobalSection(ProjectConfigurationPlatforms) = postSolution
		{301465EB-86FE-41BA-8326-421D26C9B009}.Debug|Any CPU.ActiveCfg = Debug|Any CPU
		{301465EB-86FE-41BA-8326-421D26C9B009}.Debug|Any CPU.Build.0 = Debug|Any CPU
		{301465EB-86FE-41BA-8326-421D26C9B009}.Release|Any CPU.ActiveCfg = Release|Any CPU
		{301465EB-86FE-41BA-8326-421D26C9B009}.Release|Any CPU.Build.0 = Release|Any CPU
	EndGlobalSection
	GlobalSection(SolutionProperties) = preSolution
		HideSolutionNode = FALSE
	EndGlobalSection
	GlobalSection(ExtensibilityGlobals) = postSolution
		SolutionGuid = {DCCE3929-F6C2-441C-9827-8CE7431707DB}
	EndGlobalSection
EndGlobal
